# THIS IS AN AUTOGENERATED FILE. DO NOT EDIT THIS FILE DIRECTLY.
# yarn lockfile v1


"@envelop/core@^4.0.0":
  version "4.0.0"
  resolved "https://registry.yarnpkg.com/@envelop/core/-/core-4.0.0.tgz#3aa22494c55b65abedb2983e2722055e6873575d"
  integrity sha512-6usEZO86hWT0ZajAbhOX0QXlV++lrlEmu8br6KQVvyXOxttiHADIibgfzb3GtSI7RnnJDnrcRb7Jynv6Lca3iQ==
  dependencies:
    "@envelop/types" "4.0.0"
    tslib "^2.5.0"

"@envelop/types@4.0.0":
  version "4.0.0"
  resolved "https://registry.yarnpkg.com/@envelop/types/-/types-4.0.0.tgz#6491d15b471434e74cd4b2321b68b8bb95f0ae61"
  integrity sha512-dmBK16VVfKCkqYYemvE+gt1cPBP0d9CbYO4yjNhSSYy9K+w6+Lw48wOLK238mSR339PNAvwj/JW/qzNy2llggA==
  dependencies:
    tslib "^2.5.0"

"@graphql-tools/executor@^1.0.0":
  version "1.1.0"
  resolved "https://registry.yarnpkg.com/@graphql-tools/executor/-/executor-1.1.0.tgz#bafddb7c56d8250c5eda83437c10664e702109a8"
  integrity sha512-+1wmnaUHETSYxiK/ELsT60x584Rw3QKBB7F/7fJ83HKPnLifmE2Dm/K9Eyt6L0Ppekf1jNUbWBpmBGb8P5hAeg==
  dependencies:
    "@graphql-tools/utils" "^10.0.0"
    "@graphql-typed-document-node/core" "3.2.0"
    "@repeaterjs/repeater" "^3.0.4"
    tslib "^2.4.0"
    value-or-promise "^1.0.12"

"@graphql-tools/merge@^9.0.0":
  version "9.0.0"
  resolved "https://registry.yarnpkg.com/@graphql-tools/merge/-/merge-9.0.0.tgz#b0a3636c82716454bff88e9bb40108b0471db281"
  integrity sha512-J7/xqjkGTTwOJmaJQJ2C+VDBDOWJL3lKrHJN4yMaRLAJH3PosB7GiPRaSDZdErs0+F77sH2MKs2haMMkywzx7Q==
  dependencies:
    "@graphql-tools/utils" "^10.0.0"
    tslib "^2.4.0"

"@graphql-tools/schema@^10.0.0":
  version "10.0.0"
  resolved "https://registry.yarnpkg.com/@graphql-tools/schema/-/schema-10.0.0.tgz#7b5f6b6a59f51c927de8c9069bde4ebbfefc64b3"
  integrity sha512-kf3qOXMFcMs2f/S8Y3A8fm/2w+GaHAkfr3Gnhh2LOug/JgpY/ywgFVxO3jOeSpSEdoYcDKLcXVjMigNbY4AdQg==
  dependencies:
    "@graphql-tools/merge" "^9.0.0"
    "@graphql-tools/utils" "^10.0.0"
    tslib "^2.4.0"
    value-or-promise "^1.0.12"

"@graphql-tools/utils@^10.0.0":
  version "10.0.3"
  resolved "https://registry.yarnpkg.com/@graphql-tools/utils/-/utils-10.0.3.tgz#e5d5b217ba643b7b67a35b50086b5d831aadb71c"
  integrity sha512-6uO41urAEIs4sXQT2+CYGsUTkHkVo/2MpM/QjoHj6D6xoEF2woXHBpdAVi0HKIInDwZqWgEYOwIFez0pERxa1Q==
  dependencies:
    "@graphql-typed-document-node/core" "^3.1.1"
    dset "^3.1.2"
    tslib "^2.4.0"

"@graphql-typed-document-node/core@3.2.0", "@graphql-typed-document-node/core@^3.1.1":
  version "3.2.0"
  resolved "https://registry.yarnpkg.com/@graphql-typed-document-node/core/-/core-3.2.0.tgz#5f3d96ec6b2354ad6d8a28bf216a1d97b5426861"
  integrity sha512-mB9oAsNCm9aM3/SOv4YtBMqZbYj10R7dkq8byBqxGY/ncFwhf2oQzMV+LCRlWoDSEBJ3COiR1yeDvMtsoOsuFQ==

"@graphql-yoga/logger@^1.0.0":
  version "1.0.0"
  resolved "https://registry.yarnpkg.com/@graphql-yoga/logger/-/logger-1.0.0.tgz#0fba12edd8c4b0b9c0f0a74b0d101f1646c3780e"
  integrity sha512-JYoxwnPggH2BfO+dWlWZkDeFhyFZqaTRGLvFhy+Pjp2UxitEW6nDrw+pEDw/K9tJwMjIFMmTT9VfTqrnESmBHg==
  dependencies:
    tslib "^2.5.2"

"@graphql-yoga/subscription@^4.0.0":
  version "4.0.0"
  resolved "https://registry.yarnpkg.com/@graphql-yoga/subscription/-/subscription-4.0.0.tgz#2bf5844ce8aeff46332650ad642218250201dcc5"
  integrity sha512-0qsN/BPPZNMoC2CZ8i+P6PgiJyHh1H35aKDt37qARBDaIOKDQuvEOq7+4txUKElcmXi7DYFo109FkhSQoEajrg==
  dependencies:
    "@graphql-yoga/typed-event-target" "^2.0.0"
    "@repeaterjs/repeater" "^3.0.4"
    "@whatwg-node/events" "^0.1.0"
    tslib "^2.5.2"

"@graphql-yoga/typed-event-target@^2.0.0":
  version "2.0.0"
  resolved "https://registry.yarnpkg.com/@graphql-yoga/typed-event-target/-/typed-event-target-2.0.0.tgz#41809fc8c101c27c61a5427d74e0d0ce824044db"
  integrity sha512-oA/VGxGmaSDym1glOHrltw43qZsFwLLjBwvh57B79UKX/vo3+UQcRgOyE44c5RP7DCYjkrC2tuArZmb6jCzysw==
  dependencies:
    "@repeaterjs/repeater" "^3.0.4"
    tslib "^2.5.2"

"@repeaterjs/repeater@^3.0.4":
  version "3.0.4"
  resolved "https://registry.yarnpkg.com/@repeaterjs/repeater/-/repeater-3.0.4.tgz#a04d63f4d1bf5540a41b01a921c9a7fddc3bd1ca"
  integrity sha512-AW8PKd6iX3vAZ0vA43nOUOnbq/X5ihgU+mSXXqunMkeQADGiqw/PY0JNeYtD5sr0PAy51YPgAPbDoeapv9r8WA==

"@whatwg-node/events@^0.1.0":
  version "0.1.1"
  resolved "https://registry.yarnpkg.com/@whatwg-node/events/-/events-0.1.1.tgz#0ca718508249419587e130da26d40e29d99b5356"
  integrity sha512-AyQEn5hIPV7Ze+xFoXVU3QTHXVbWPrzaOkxtENMPMuNL6VVHrp4hHfDt9nrQpjO7BgvuM95dMtkycX5M/DZR3w==

"@whatwg-node/fetch@^0.9.7":
  version "0.9.7"
  resolved "https://registry.yarnpkg.com/@whatwg-node/fetch/-/fetch-0.9.7.tgz#86b5cda576581beea300191d5c1f626fc7abfff7"
  integrity sha512-heClS5ctTmoEvVbFd+6ztX0SyQduI3/Q+77vtNApDU/+Mwajy6ugxaoDGgSzJUoQ37McSV09kcGCt1Jcc6z9lQ==
  dependencies:
    "@whatwg-node/node-fetch" "^0.4.6"
    urlpattern-polyfill "^9.0.0"

"@whatwg-node/node-fetch@^0.4.6":
  version "0.4.6"
  resolved "https://registry.yarnpkg.com/@whatwg-node/node-fetch/-/node-fetch-0.4.6.tgz#97de52731c15420115a31a82b22033bdfc62e17a"
  integrity sha512-9oLD57yW0WWfu4ZtEmybBrx1JfkO4TzDpD2zXlp2Ue3UJplifQRap+MbE0PxRlVWtR4KWsIRamhn7J44DkwoyA==
  dependencies:
    "@whatwg-node/events" "^0.1.0"
    busboy "^1.6.0"
    fast-querystring "^1.1.1"
    fast-url-parser "^1.1.3"
    tslib "^2.3.1"

"@whatwg-node/server@^0.9.1":
  version "0.9.2"
  resolved "https://registry.yarnpkg.com/@whatwg-node/server/-/server-0.9.2.tgz#5684f89681cb3b145987da670d2e67448e47214e"
  integrity sha512-W8CzF9Lvu/AKE+HFmKmTwJZ91G+zPmn0zjsl47hjcY5y0/kZqkCqwB86c0y8rRf8+bV5hJ2ChDK8otN0y6fzng==
  dependencies:
    "@whatwg-node/fetch" "^0.9.7"
    tslib "^2.3.1"

busboy@^1.6.0:
  version "1.6.0"
  resolved "https://registry.yarnpkg.com/busboy/-/busboy-1.6.0.tgz#966ea36a9502e43cdb9146962523b92f531f6893"
  integrity sha512-8SFQbg/0hQ9xy3UNTB0YEnsNBbWfhf7RtnzpL7TkBiTBRfrQ9Fxcnz7VJsleJpyp6rVLvXiuORqjlHi5q+PYuA==
  dependencies:
    streamsearch "^1.1.0"

dset@^3.1.1, dset@^3.1.2:
  version "3.1.2"
  resolved "https://registry.yarnpkg.com/dset/-/dset-3.1.2.tgz#89c436ca6450398396dc6538ea00abc0c54cd45a"
  integrity sha512-g/M9sqy3oHe477Ar4voQxWtaPIFw1jTdKZuomOjhCcBx9nHUNn0pu6NopuFFrTh/TRZIKEj+76vLWFu9BNKk+Q==

fast-decode-uri-component@^1.0.1:
  version "1.0.1"
  resolved "https://registry.yarnpkg.com/fast-decode-uri-component/-/fast-decode-uri-component-1.0.1.tgz#46f8b6c22b30ff7a81357d4f59abfae938202543"
  integrity sha512-WKgKWg5eUxvRZGwW8FvfbaH7AXSh2cL+3j5fMGzUMCxWBJ3dV3a7Wz8y2f/uQ0e3B6WmodD3oS54jTQ9HVTIIg==

fast-querystring@^1.1.1:
  version "1.1.2"
  resolved "https://registry.yarnpkg.com/fast-querystring/-/fast-querystring-1.1.2.tgz#a6d24937b4fc6f791b4ee31dcb6f53aeafb89f53"
  integrity sha512-g6KuKWmFXc0fID8WWH0jit4g0AGBoJhCkJMb1RmbsSEUNvQ+ZC8D6CUZ+GtF8nMzSPXnhiePyyqqipzNNEnHjg==
  dependencies:
    fast-decode-uri-component "^1.0.1"

fast-url-parser@^1.1.3:
  version "1.1.3"
  resolved "https://registry.yarnpkg.com/fast-url-parser/-/fast-url-parser-1.1.3.tgz#f4af3ea9f34d8a271cf58ad2b3759f431f0b318d"
  integrity sha512-5jOCVXADYNuRkKFzNJ0dCCewsZiYo0dz8QNYljkOpFC6r2U4OBmKtvm/Tsuh4w1YYdDqDb31a8TVhBJ2OJKdqQ==
  dependencies:
    punycode "^1.3.2"

graphql-yoga@^4.0.3:
  version "4.0.3"
  resolved "https://registry.yarnpkg.com/graphql-yoga/-/graphql-yoga-4.0.3.tgz#28a6f9c8999a1dc5f490fca635b14785873e7fec"
  integrity sha512-MP+v+yxCqM3lXg95vaA+kXjyRvyRxHUlgZryTecN7ugzEEnyQKKu8JBXA4ziEuLi3liRriyjCAyV4pqFzhHujA==
  dependencies:
    "@envelop/core" "^4.0.0"
    "@graphql-tools/executor" "^1.0.0"
    "@graphql-tools/schema" "^10.0.0"
    "@graphql-tools/utils" "^10.0.0"
    "@graphql-yoga/logger" "^1.0.0"
    "@graphql-yoga/subscription" "^4.0.0"
    "@whatwg-node/fetch" "^0.9.7"
    "@whatwg-node/server" "^0.9.1"
    dset "^3.1.1"
    lru-cache "^10.0.0"
    tslib "^2.5.2"

graphql@^16.7.1:
  version "16.7.1"
  resolved "https://registry.yarnpkg.com/graphql/-/graphql-16.7.1.tgz#11475b74a7bff2aefd4691df52a0eca0abd9b642"
  integrity sha512-DRYR9tf+UGU0KOsMcKAlXeFfX89UiiIZ0dRU3mR0yJfu6OjZqUcp68NnFLnqQU5RexygFoDy1EW+ccOYcPfmHg==

lru-cache@^10.0.0:
  version "10.0.0"
  resolved "https://registry.yarnpkg.com/lru-cache/-/lru-cache-10.0.0.tgz#b9e2a6a72a129d81ab317202d93c7691df727e61"
  integrity sha512-svTf/fzsKHffP42sujkO/Rjs37BCIsQVRCeNYIm9WN8rgT7ffoUnRtZCqU+6BqcSBdv8gwJeTz8knJpgACeQMw==

punycode@^1.3.2:
  version "1.4.1"
  resolved "https://registry.yarnpkg.com/punycode/-/punycode-1.4.1.tgz#c0d5a63b2718800ad8e1eb0fa5269c84dd41845e"
  integrity sha512-jmYNElW7yvO7TV33CjSmvSiE2yco3bV2czu/OzDKdMNVZQWfxCblURLhf+47syQRBntjfLdd/H0egrzIG+oaFQ==

streamsearch@^1.1.0:
  version "1.1.0"
  resolved "https://registry.yarnpkg.com/streamsearch/-/streamsearch-1.1.0.tgz#404dd1e2247ca94af554e841a8ef0eaa238da764"
  integrity sha512-Mcc5wHehp9aXz1ax6bZUyY5afg9u2rv5cqQI3mRrYkGC8rW2hM02jWuwjtL++LS5qinSyhj2QfLyNsuc+VsExg==

tslib@^2.3.1, tslib@^2.4.0, tslib@^2.5.0, tslib@^2.5.2:
  version "2.6.0"
  resolved "https://registry.yarnpkg.com/tslib/-/tslib-2.6.0.tgz#b295854684dbda164e181d259a22cd779dcd7bc3"
  integrity sha512-7At1WUettjcSRHXCyYtTselblcHl9PJFFVKiCAy/bY97+BPZXSQ2wbq0P9s8tK2G7dFQfNnlJnPAiArVBVBsfA==

urlpattern-polyfill@^9.0.0:
  version "9.0.0"
  resolved "https://registry.yarnpkg.com/urlpattern-polyfill/-/urlpattern-polyfill-9.0.0.tgz#bc7e386bb12fd7898b58d1509df21d3c29ab3460"
  integrity sha512-WHN8KDQblxd32odxeIgo83rdVDE2bvdkb86it7bMhYZwWKJz0+O0RK/eZiHYnM+zgt/U7hAHOlCQGfjjvSkw2g==

uuid@^9.0.0:
  version "9.0.0"
  resolved "https://registry.yarnpkg.com/uuid/-/uuid-9.0.0.tgz#592f550650024a38ceb0c562f2f6aa435761efb5"
  integrity sha512-MXcSTerfPa4uqyzStbRoTgt5XIe3x5+42+q1sDuy3R5MDk66URdLMOZe5aPX/SQd+kuYAh0FdP/pO28IkQyTeg==

value-or-promise@^1.0.12:
  version "1.0.12"
  resolved "https://registry.yarnpkg.com/value-or-promise/-/value-or-promise-1.0.12.tgz#0e5abfeec70148c78460a849f6b003ea7986f15c"
  integrity sha512-Z6Uz+TYwEqE7ZN50gwn+1LCVo9ZVrpxRPOhOLnncYkY1ZzOYtrX8Fwf/rFktZ8R5mJms6EZf5TqNOMeZmnPq9Q==
